
Microsoft Visual Studio Solution File, Format Version 12.00
# Visual Studio Version 16
VisualStudioVersion = 16.0.30907.101
MinimumVisualStudioVersion = 10.0.40219.1
Project("{FAE04EC0-301F-11D3-BF4B-00C04F79EFBC}") = "SecretWordGameServer", "SecretWordGameServer\SecretWordGameServer.csproj", "{732AB47E-0751-4A2D-9D89-20BACDAA61E1}"
EndProject
Project("{FAE04EC0-301F-11D3-BF4B-00C04F79EFBC}") = "testconnection", "..\client\testconnection.csproj", "{7CC460F4-26BB-44CA-8D3E-A7D0B15B51BB}"
EndProject
Global
	GlobalSection(SolutionConfigurationPlatforms) = preSolution
		Debug|Any CPU = Debug|Any CPU
		Release|Any CPU = Release|Any CPU
	EndGlobalSection
	GlobalSection(ProjectConfigurationPlatforms) = postSolution
		{732AB47E-0751-4A2D-9D89-20BACDAA61E1}.Debug|Any CPU.ActiveCfg = Debug|Any CPU
		{732AB47E-0751-4A2D-9D89-20BACDAA61E1}.Debug|Any CPU.Build.0 = Debug|Any CPU
		{732AB47E-0751-4A2D-9D89-20BACDAA61E1}.Release|Any CPU.ActiveCfg = Release|Any CPU
		{732AB47E-0751-4A2D-9D89-20BACDAA61E1}.Release|Any CPU.Build.0 = Release|Any CPU
		{7CC460F4-26BB-44CA-8D3E-A7D0B15B51BB}.Debug|Any CPU.ActiveCfg = Debug|Any CPU
		{7CC460F4-26BB-44CA-8D3E-A7D0B15B51BB}.Debug|Any CPU.Build.0 = Debug|Any CPU
		{7CC460F4-26BB-44CA-8D3E-A7D0B15B51BB}.Release|Any CPU.ActiveCfg = Release|Any CPU
		{7CC460F4-26BB-44CA-8D3E-A7D0B15B51BB}.Release|Any CPU.Build.0 = Release|Any CPU
	EndGlobalSection
	GlobalSection(SolutionProperties) = preSolution
		HideSolutionNode = FALSE
	EndGlobalSection
	GlobalSection(ExtensibilityGlobals) = postSolution
		SolutionGuid = {4F42C690-C788-44C2-8E97-A6CE0B83D062}
	EndGlobalSection
EndGlobal
